
Microsoft Visual Studio Solution File, Format Version 12.00
# Visual Studio Version 17
VisualStudioVersion = 17.9.34723.18
MinimumVisualStudioVersion = 10.0.40219.1
Project("{FAE04EC0-301F-11D3-BF4B-00C04F79EFBC}") = "LABA10", "LABA10\LABA10.csproj", "{0E47CD21-8C8A-40A2-9ADC-AD20A069BCB1}"
EndProject
Global
	GlobalSection(SolutionConfigurationPlatforms) = preSolution
		Debug|Any CPU = Debug|Any CPU
		Release|Any CPU = Release|Any CPU
	EndGlobalSection
	GlobalSection(ProjectConfigurationPlatforms) = postSolution
		{0E47CD21-8C8A-40A2-9ADC-AD20A069BCB1}.Debug|Any CPU.ActiveCfg = Debug|Any CPU
		{0E47CD21-8C8A-40A2-9ADC-AD20A069BCB1}.Debug|Any CPU.Build.0 = Debug|Any CPU
		{0E47CD21-8C8A-40A2-9ADC-AD20A069BCB1}.Release|Any CPU.ActiveCfg = Release|Any CPU
		{0E47CD21-8C8A-40A2-9ADC-AD20A069BCB1}.Release|Any CPU.Build.0 = Release|Any CPU
	EndGlobalSection
	GlobalSection(SolutionProperties) = preSolution
		HideSolutionNode = FALSE
	EndGlobalSection
	GlobalSection(ExtensibilityGlobals) = postSolution
		SolutionGuid = {BB8D184F-446A-4598-A816-924CB4432059}
	EndGlobalSection
EndGlobal
