
Microsoft Visual Studio Solution File, Format Version 12.00
# Visual Studio Version 17
VisualStudioVersion = 17.9.34723.18
MinimumVisualStudioVersion = 10.0.40219.1
Project("{FAE04EC0-301F-11D3-BF4B-00C04F79EFBC}") = "LABA14", "LABA14\LABA14.csproj", "{1DD3E69E-A946-4293-8DA1-F19289C8D0B0}"
EndProject
Global
	GlobalSection(SolutionConfigurationPlatforms) = preSolution
		Debug|Any CPU = Debug|Any CPU
		Release|Any CPU = Release|Any CPU
	EndGlobalSection
	GlobalSection(ProjectConfigurationPlatforms) = postSolution
		{1DD3E69E-A946-4293-8DA1-F19289C8D0B0}.Debug|Any CPU.ActiveCfg = Debug|Any CPU
		{1DD3E69E-A946-4293-8DA1-F19289C8D0B0}.Debug|Any CPU.Build.0 = Debug|Any CPU
		{1DD3E69E-A946-4293-8DA1-F19289C8D0B0}.Release|Any CPU.ActiveCfg = Release|Any CPU
		{1DD3E69E-A946-4293-8DA1-F19289C8D0B0}.Release|Any CPU.Build.0 = Release|Any CPU
	EndGlobalSection
	GlobalSection(SolutionProperties) = preSolution
		HideSolutionNode = FALSE
	EndGlobalSection
	GlobalSection(ExtensibilityGlobals) = postSolution
		SolutionGuid = {BDB45DA5-7D66-4FA0-88A1-01E5C83126B6}
	EndGlobalSection
EndGlobal
